// !$*UTF8*$!
{
	archiveVersion = 1;
	classes = {
	};
	objectVersion = 51;
	objects = {

/* Begin PBXBuildFile section */
		064C6F9C25A8BA7B002E2D75 /* MasterLoteriaApp.swift in Sources */ = {isa = PBXBuildFile; fileRef = 064C6F9B25A8BA7B002E2D75 /* MasterLoteriaApp.swift */; };
		064C6F9E25A8BA7B002E2D75 /* ContentView.swift in Sources */ = {isa = PBXBuildFile; fileRef = 064C6F9D25A8BA7B002E2D75 /* ContentView.swift */; };
		064C6FA025A8BA7D002E2D75 /* Assets.xcassets in Resources */ = {isa = PBXBuildFile; fileRef = 064C6F9F25A8BA7D002E2D75 /* Assets.xcassets */; };
		064C6FA325A8BA7D002E2D75 /* Preview Assets.xcassets in Resources */ = {isa = PBXBuildFile; fileRef = 064C6FA225A8BA7D002E2D75 /* Preview Assets.xcassets */; };
		068A7F6F25A8BCC50086C572 /* TabAyerView.swift in Sources */ = {isa = PBXBuildFile; fileRef = 068A7F6E25A8BCC50086C572 /* TabAyerView.swift */; };
		068A7F7325A8C7B90086C572 /* MoreInfoView.swift in Sources */ = {isa = PBXBuildFile; fileRef = 068A7F7225A8C7B90086C572 /* MoreInfoView.swift */; };
		06BBC0D125A8E86D00A08637 /* SuerteView.swift in Sources */ = {isa = PBXBuildFile; fileRef = 06BBC0D025A8E86D00A08637 /* SuerteView.swift */; };
		547713BE2B954E6A7F8650E9 /* Pods_MasterLoteria.framework in Frameworks */ = {isa = PBXBuildFile; fileRef = 15227667DB95AA08D35D12E8 /* Pods_MasterLoteria.framework */; };
/* End PBXBuildFile section */

/* Begin PBXFileReference section */
		064C6F9825A8BA7B002E2D75 /* MasterLoteria.app */ = {isa = PBXFileReference; explicitFileType = wrapper.application; includeInIndex = 0; path = MasterLoteria.app; sourceTree = BUILT_PRODUCTS_DIR; };
		064C6F9B25A8BA7B002E2D75 /* MasterLoteriaApp.swift */ = {isa = PBXFileReference; lastKnownFileType = sourcecode.swift; path = MasterLoteriaApp.swift; sourceTree = "<group>"; };
		064C6F9D25A8BA7B002E2D75 /* ContentView.swift */ = {isa = PBXFileReference; lastKnownFileType = sourcecode.swift; path = ContentView.swift; sourceTree = "<group>"; };
		064C6F9F25A8BA7D002E2D75 /* Assets.xcassets */ = {isa = PBXFileReference; lastKnownFileType = folder.assetcatalog; path = Assets.xcassets; sourceTree = "<group>"; };
		064C6FA225A8BA7D002E2D75 /* Preview Assets.xcassets */ = {isa = PBXFileReference; lastKnownFileType = folder.assetcatalog; path = "Preview Assets.xcassets"; sourceTree = "<group>"; };
		064C6FA425A8BA7D002E2D75 /* Info.plist */ = {isa = PBXFileReference; lastKnownFileType = text.plist.xml; path = Info.plist; sourceTree = "<group>"; };
		068A7F6E25A8BCC50086C572 /* TabAyerView.swift */ = {isa = PBXFileReference; lastKnownFileType = sourcecode.swift; path = TabAyerView.swift; sourceTree = "<group>"; };
		068A7F7225A8C7B90086C572 /* MoreInfoView.swift */ = {isa = PBXFileReference; lastKnownFileType = sourcecode.swift; path = MoreInfoView.swift; sourceTree = "<group>"; };
		06BBC0D025A8E86D00A08637 /* SuerteView.swift */ = {isa = PBXFileReference; lastKnownFileType = sourcecode.swift; path = SuerteView.swift; sourceTree = "<group>"; };
		15227667DB95AA08D35D12E8 /* Pods_MasterLoteria.framework */ = {isa = PBXFileReference; explicitFileType = wrapper.framework; includeInIndex = 0; path = Pods_MasterLoteria.framework; sourceTree = BUILT_PRODUCTS_DIR; };
		8EB9D134FF1A6BF1FE39EB67 /* Pods-MasterLoteria.debug.xcconfig */ = {isa = PBXFileReference; includeInIndex = 1; lastKnownFileType = text.xcconfig; name = "Pods-MasterLoteria.debug.xcconfig"; path = "Target Support Files/Pods-MasterLoteria/Pods-MasterLoteria.debug.xcconfig"; sourceTree = "<group>"; };
		D6B7C38B4B9136D36F82E8F7 /* Pods-MasterLoteria.release.xcconfig */ = {isa = PBXFileReference; includeInIndex = 1; lastKnownFileType = text.xcconfig; name = "Pods-MasterLoteria.release.xcconfig"; path = "Target Support Files/Pods-MasterLoteria/Pods-MasterLoteria.release.xcconfig"; sourceTree = "<group>"; };
/* End PBXFileReference section */

/* Begin PBXFrameworksBuildPhase section */
		064C6F9525A8BA7B002E2D75 /* Frameworks */ = {
			isa = PBXFrameworksBuildPhase;
			buildActionMask = 2147483647;
			files = (
				547713BE2B954E6A7F8650E9 /* Pods_MasterLoteria.framework in Frameworks */,
			);
			runOnlyForDeploymentPostprocessing = 0;
		};
/* End PBXFrameworksBuildPhase section */

/* Begin PBXGroup section */
		064C6F8F25A8BA7B002E2D75 = {
			isa = PBXGroup;
			children = (
				064C6F9A25A8BA7B002E2D75 /* MasterLoteria */,
				064C6F9925A8BA7B002E2D75 /* Products */,
				9124AE922ACD1CA501244822 /* Pods */,
				7CF1B1E5239E820E98C73DA3 /* Frameworks */,
			);
			sourceTree = "<group>";
		};
		064C6F9925A8BA7B002E2D75 /* Products */ = {
			isa = PBXGroup;
			children = (
				064C6F9825A8BA7B002E2D75 /* MasterLoteria.app */,
			);
			name = Products;
			sourceTree = "<group>";
		};
		064C6F9A25A8BA7B002E2D75 /* MasterLoteria */ = {
			isa = PBXGroup;
			children = (
				064C6F9B25A8BA7B002E2D75 /* MasterLoteriaApp.swift */,
				064C6F9D25A8BA7B002E2D75 /* ContentView.swift */,
				068A7F6D25A8BC960086C572 /* Tabs */,
				064C6F9F25A8BA7D002E2D75 /* Assets.xcassets */,
				064C6FA425A8BA7D002E2D75 /* Info.plist */,
				064C6FA125A8BA7D002E2D75 /* Preview Content */,
			);
			path = MasterLoteria;
			sourceTree = "<group>";
		};
		064C6FA125A8BA7D002E2D75 /* Preview Content */ = {
			isa = PBXGroup;
			children = (
				064C6FA225A8BA7D002E2D75 /* Preview Assets.xcassets */,
			);
			path = "Preview Content";
			sourceTree = "<group>";
		};
		068A7F6D25A8BC960086C572 /* Tabs */ = {
			isa = PBXGroup;
			children = (
				068A7F6E25A8BCC50086C572 /* TabAyerView.swift */,
				06BBC0D025A8E86D00A08637 /* SuerteView.swift */,
				068A7F7225A8C7B90086C572 /* MoreInfoView.swift */,
			);
			path = Tabs;
			sourceTree = "<group>";
		};
		7CF1B1E5239E820E98C73DA3 /* Frameworks */ = {
			isa = PBXGroup;
			children = (
				15227667DB95AA08D35D12E8 /* Pods_MasterLoteria.framework */,
			);
			name = Frameworks;
			sourceTree = "<group>";
		};
		9124AE922ACD1CA501244822 /* Pods */ = {
			isa = PBXGroup;
			children = (
				8EB9D134FF1A6BF1FE39EB67 /* Pods-MasterLoteria.debug.xcconfig */,
				D6B7C38B4B9136D36F82E8F7 /* Pods-MasterLoteria.release.xcconfig */,
			);
			path = Pods;
			sourceTree = "<group>";
		};
/* End PBXGroup section */

/* Begin PBXNativeTarget section */
		064C6F9725A8BA7B002E2D75 /* MasterLoteria */ = {
			isa = PBXNativeTarget;
			buildConfigurationList = 064C6FA725A8BA7D002E2D75 /* Build configuration list for PBXNativeTarget "MasterLoteria" */;
			buildPhases = (
				706D8FF63F003B8F75A6456B /* [CP] Check Pods Manifest.lock */,
				064C6F9425A8BA7B002E2D75 /* Sources */,
				064C6F9525A8BA7B002E2D75 /* Frameworks */,
				064C6F9625A8BA7B002E2D75 /* Resources */,
				B337561F49A7D757DE60F9D6 /* [CP] Embed Pods Frameworks */,
			);
			buildRules = (
			);
			dependencies = (
			);
			name = MasterLoteria;
			productName = MasterLoteria;
			productReference = 064C6F9825A8BA7B002E2D75 /* MasterLoteria.app */;
			productType = "com.apple.product-type.application";
		};
/* End PBXNativeTarget section */

/* Begin PBXProject section */
		064C6F9025A8BA7B002E2D75 /* Project object */ = {
			isa = PBXProject;
			attributes = {
				LastSwiftUpdateCheck = 1230;
				LastUpgradeCheck = 1230;
				TargetAttributes = {
					064C6F9725A8BA7B002E2D75 = {
						CreatedOnToolsVersion = 12.3;
					};
				};
			};
			buildConfigurationList = 064C6F9325A8BA7B002E2D75 /* Build configuration list for PBXProject "MasterLoteria" */;
			compatibilityVersion = "Xcode 9.3";
			developmentRegion = en;
			hasScannedForEncodings = 0;
			knownRegions = (
				en,
				Base,
			);
			mainGroup = 064C6F8F25A8BA7B002E2D75;
			productRefGroup = 064C6F9925A8BA7B002E2D75 /* Products */;
			projectDirPath = "";
			projectRoot = "";
			targets = (
				064C6F9725A8BA7B002E2D75 /* MasterLoteria */,
			);
		};
/* End PBXProject section */

/* Begin PBXResourcesBuildPhase section */
		064C6F9625A8BA7B002E2D75 /* Resources */ = {
			isa = PBXResourcesBuildPhase;
			buildActionMask = 2147483647;
			files = (
				064C6FA325A8BA7D002E2D75 /* Preview Assets.xcassets in Resources */,
				064C6FA025A8BA7D002E2D75 /* Assets.xcassets in Resources */,
			);
			runOnlyForDeploymentPostprocessing = 0;
		};
/* End PBXResourcesBuildPhase section */

/* Begin PBXShellScriptBuildPhase section */
		706D8FF63F003B8F75A6456B /* [CP] Check Pods Manifest.lock */ = {
			isa = PBXShellScriptBuildPhase;
			buildActionMask = 2147483647;
			files = (
			);
			inputFileListPaths = (
			);
			inputPaths = (
				"${PODS_PODFILE_DIR_PATH}/Podfile.lock",
				"${PODS_ROOT}/Manifest.lock",
			);
			name = "[CP] Check Pods Manifest.lock";
			outputFileListPaths = (
			);
			outputPaths = (
				"$(DERIVED_FILE_DIR)/Pods-MasterLoteria-checkManifestLockResult.txt",
			);
			runOnlyForDeploymentPostprocessing = 0;
			shellPath = /bin/sh;
			shellScript = "diff \"${PODS_PODFILE_DIR_PATH}/Podfile.lock\" \"${PODS_ROOT}/Manifest.lock\" > /dev/null\nif [ $? != 0 ] ; then\n    # print error to STDERR\n    echo \"error: The sandbox is not in sync with the Podfile.lock. Run 'pod install' or update your CocoaPods installation.\" >&2\n    exit 1\nfi\n# This output is used by Xcode 'outputs' to avoid re-running this script phase.\necho \"SUCCESS\" > \"${SCRIPT_OUTPUT_FILE_0}\"\n";
			showEnvVarsInLog = 0;
		};
		B337561F49A7D757DE60F9D6 /* [CP] Embed Pods Frameworks */ = {
			isa = PBXShellScriptBuildPhase;
			buildActionMask = 2147483647;
			files = (
			);
			inputFileListPaths = (
				"${PODS_ROOT}/Target Support Files/Pods-MasterLoteria/Pods-MasterLoteria-frameworks-${CONFIGURATION}-input-files.xcfilelist",
			);
			name = "[CP] Embed Pods Frameworks";
			outputFileListPaths = (
				"${PODS_ROOT}/Target Support Files/Pods-MasterLoteria/Pods-MasterLoteria-frameworks-${CONFIGURATION}-output-files.xcfilelist",
			);
			runOnlyForDeploymentPostprocessing = 0;
			shellPath = /bin/sh;
			shellScript = "\"${PODS_ROOT}/Target Support Files/Pods-MasterLoteria/Pods-MasterLoteria-frameworks.sh\"\n";
			showEnvVarsInLog = 0;
		};
/* End PBXShellScriptBuildPhase section */

/* Begin PBXSourcesBuildPhase section */
		064C6F9425A8BA7B002E2D75 /* Sources */ = {
			isa = PBXSourcesBuildPhase;
			buildActionMask = 2147483647;
			files = (
				064C6F9E25A8BA7B002E2D75 /* ContentView.swift in Sources */,
				064C6F9C25A8BA7B002E2D75 /* MasterLoteriaApp.swift in Sources */,
				068A7F6F25A8BCC50086C572 /* TabAyerView.swift in Sources */,
				06BBC0D125A8E86D00A08637 /* SuerteView.swift in Sources */,
				068A7F7325A8C7B90086C572 /* MoreInfoView.swift in Sources */,
			);
			runOnlyForDeploymentPostprocessing = 0;
		};
/* End PBXSourcesBuildPhase section */

/* Begin XCBuildConfiguration section */
		064C6FA525A8BA7D002E2D75 /* Debug */ = {
			isa = XCBuildConfiguration;
			buildSettings = {
				ALWAYS_SEARCH_USER_PATHS = NO;
				CLANG_ANALYZER_NONNULL = YES;
				CLANG_ANALYZER_NUMBER_OBJECT_CONVERSION = YES_AGGRESSIVE;
				CLANG_CXX_LANGUAGE_STANDARD = "gnu++14";
				CLANG_CXX_LIBRARY = "libc++";
				CLANG_ENABLE_MODULES = YES;
				CLANG_ENABLE_OBJC_ARC = YES;
				CLANG_ENABLE_OBJC_WEAK = YES;
				CLANG_WARN_BLOCK_CAPTURE_AUTORELEASING = YES;
				CLANG_WARN_BOOL_CONVERSION = YES;
				CLANG_WARN_COMMA = YES;
				CLANG_WARN_CONSTANT_CONVERSION = YES;
				CLANG_WARN_DEPRECATED_OBJC_IMPLEMENTATIONS = YES;
				CLANG_WARN_DIRECT_OBJC_ISA_USAGE = YES_ERROR;
				CLANG_WARN_DOCUMENTATION_COMMENTS = YES;
				CLANG_WARN_EMPTY_BODY = YES;
				CLANG_WARN_ENUM_CONVERSION = YES;
				CLANG_WARN_INFINITE_RECURSION = YES;
				CLANG_WARN_INT_CONVERSION = YES;
				CLANG_WARN_NON_LITERAL_NULL_CONVERSION = YES;
				CLANG_WARN_OBJC_IMPLICIT_RETAIN_SELF = YES;
				CLANG_WARN_OBJC_LITERAL_CONVERSION = YES;
				CLANG_WARN_OBJC_ROOT_CLASS = YES_ERROR;
				CLANG_WARN_QUOTED_INCLUDE_IN_FRAMEWORK_HEADER = YES;
				CLANG_WARN_RANGE_LOOP_ANALYSIS = YES;
				CLANG_WARN_STRICT_PROTOTYPES = YES;
				CLANG_WARN_SUSPICIOUS_MOVE = YES;
				CLANG_WARN_UNGUARDED_AVAILABILITY = YES_AGGRESSIVE;
				CLANG_WARN_UNREACHABLE_CODE = YES;
				CLANG_WARN__DUPLICATE_METHOD_MATCH = YES;
				COPY_PHASE_STRIP = NO;
				DEBUG_INFORMATION_FORMAT = dwarf;
				ENABLE_STRICT_OBJC_MSGSEND = YES;
				ENABLE_TESTABILITY = YES;
				GCC_C_LANGUAGE_STANDARD = gnu11;
				GCC_DYNAMIC_NO_PIC = NO;
				GCC_NO_COMMON_BLOCKS = YES;
				GCC_OPTIMIZATION_LEVEL = 0;
				GCC_PREPROCESSOR_DEFINITIONS = (
					"DEBUG=1",
					"$(inherited)",
				);
				GCC_WARN_64_TO_32_BIT_CONVERSION = YES;
				GCC_WARN_ABOUT_RETURN_TYPE = YES_ERROR;
				GCC_WARN_UNDECLARED_SELECTOR = YES;
				GCC_WARN_UNINITIALIZED_AUTOS = YES_AGGRESSIVE;
				GCC_WARN_UNUSED_FUNCTION = YES;
				GCC_WARN_UNUSED_VARIABLE = YES;
				IPHONEOS_DEPLOYMENT_TARGET = 14.3;
				MTL_ENABLE_DEBUG_INFO = INCLUDE_SOURCE;
				MTL_FAST_MATH = YES;
				ONLY_ACTIVE_ARCH = YES;
				SDKROOT = iphoneos;
				SWIFT_ACTIVE_COMPILATION_CONDITIONS = DEBUG;
				SWIFT_OPTIMIZATION_LEVEL = "-Onone";
			};
			name = Debug;
		};
		064C6FA625A8BA7D002E2D75 /* Release */ = {
			isa = XCBuildConfiguration;
			buildSettings = {
				ALWAYS_SEARCH_USER_PATHS = NO;
				CLANG_ANALYZER_NONNULL = YES;
				CLANG_ANALYZER_NUMBER_OBJECT_CONVERSION = YES_AGGRESSIVE;
				CLANG_CXX_LANGUAGE_STANDARD = "gnu++14";
				CLANG_CXX_LIBRARY = "libc++";
				CLANG_ENABLE_MODULES = YES;
				CLANG_ENABLE_OBJC_ARC = YES;
				CLANG_ENABLE_OBJC_WEAK = YES;
				CLANG_WARN_BLOCK_CAPTURE_AUTORELEASING = YES;
				CLANG_WARN_BOOL_CONVERSION = YES;
				CLANG_WARN_COMMA = YES;
				CLANG_WARN_CONSTANT_CONVERSION = YES;
				CLANG_WARN_DEPRECATED_OBJC_IMPLEMENTATIONS = YES;
				CLANG_WARN_DIRECT_OBJC_ISA_USAGE = YES_ERROR;
				CLANG_WARN_DOCUMENTATION_COMMENTS = YES;
				CLANG_WARN_EMPTY_BODY = YES;
				CLANG_WARN_ENUM_CONVERSION = YES;
				CLANG_WARN_INFINITE_RECURSION = YES;
				CLANG_WARN_INT_CONVERSION = YES;
				CLANG_WARN_NON_LITERAL_NULL_CONVERSION = YES;
				CLANG_WARN_OBJC_IMPLICIT_RETAIN_SELF = YES;
				CLANG_WARN_OBJC_LITERAL_CONVERSION = YES;
				CLANG_WARN_OBJC_ROOT_CLASS = YES_ERROR;
				CLANG_WARN_QUOTED_INCLUDE_IN_FRAMEWORK_HEADER = YES;
				CLANG_WARN_RANGE_LOOP_ANALYSIS = YES;
				CLANG_WARN_STRICT_PROTOTYPES = YES;
				CLANG_WARN_SUSPICIOUS_MOVE = YES;
				CLANG_WARN_UNGUARDED_AVAILABILITY = YES_AGGRESSIVE;
				CLANG_WARN_UNREACHABLE_CODE = YES;
				CLANG_WARN__DUPLICATE_METHOD_MATCH = YES;
				COPY_PHASE_STRIP = NO;
				DEBUG_INFORMATION_FORMAT = "dwarf-with-dsym";
				ENABLE_NS_ASSERTIONS = NO;
				ENABLE_STRICT_OBJC_MSGSEND = YES;
				GCC_C_LANGUAGE_STANDARD = gnu11;
				GCC_NO_COMMON_BLOCKS = YES;
				GCC_WARN_64_TO_32_BIT_CONVERSION = YES;
				GCC_WARN_ABOUT_RETURN_TYPE = YES_ERROR;
				GCC_WARN_UNDECLARED_SELECTOR = YES;
				GCC_WARN_UNINITIALIZED_AUTOS = YES_AGGRESSIVE;
				GCC_WARN_UNUSED_FUNCTION = YES;
				GCC_WARN_UNUSED_VARIABLE = YES;
				IPHONEOS_DEPLOYMENT_TARGET = 14.3;
				MTL_ENABLE_DEBUG_INFO = NO;
				MTL_FAST_MATH = YES;
				SDKROOT = iphoneos;
				SWIFT_COMPILATION_MODE = wholemodule;
				SWIFT_OPTIMIZATION_LEVEL = "-O";
				VALIDATE_PRODUCT = YES;
			};
			name = Release;
		};
		064C6FA825A8BA7D002E2D75 /* Debug */ = {
			isa = XCBuildConfiguration;
			baseConfigurationReference = 8EB9D134FF1A6BF1FE39EB67 /* Pods-MasterLoteria.debug.xcconfig */;
			buildSettings = {
				ASSETCATALOG_COMPILER_APPICON_NAME = AppIcon;
				ASSETCATALOG_COMPILER_GLOBAL_ACCENT_COLOR_NAME = AccentColor;
				CODE_SIGN_STYLE = Automatic;
				DEVELOPMENT_ASSET_PATHS = "\"MasterLoteria/Preview Content\"";
				DEVELOPMENT_TEAM = 7YZ7F3ACU5;
				ENABLE_PREVIEWS = YES;
				INFOPLIST_FILE = MasterLoteria/Info.plist;
				IPHONEOS_DEPLOYMENT_TARGET = 14.0;
				LD_RUNPATH_SEARCH_PATHS = (
					"$(inherited)",
					"@executable_path/Frameworks",
				);
				PRODUCT_BUNDLE_IDENTIFIER = com.escocar.MasterLoteria;
				PRODUCT_NAME = "$(TARGET_NAME)";
				SWIFT_VERSION = 5.0;
				TARGETED_DEVICE_FAMILY = "1,2";
			};
			name = Debug;
		};
		064C6FA925A8BA7D002E2D75 /* Release */ = {
			isa = XCBuildConfiguration;
			baseConfigurationReference = D6B7C38B4B9136D36F82E8F7 /* Pods-MasterLoteria.release.xcconfig */;
			buildSettings = {
				ASSETCATALOG_COMPILER_APPICON_NAME = AppIcon;
				ASSETCATALOG_COMPILER_GLOBAL_ACCENT_COLOR_NAME = AccentColor;
				CODE_SIGN_STYLE = Automatic;
				DEVELOPMENT_ASSET_PATHS = "\"MasterLoteria/Preview Content\"";
				DEVELOPMENT_TEAM = 7YZ7F3ACU5;
				ENABLE_PREVIEWS = YES;
				INFOPLIST_FILE = MasterLoteria/Info.plist;
				IPHONEOS_DEPLOYMENT_TARGET = 14.0;
				LD_RUNPATH_SEARCH_PATHS = (
					"$(inherited)",
					"@executable_path/Frameworks",
				);
				PRODUCT_BUNDLE_IDENTIFIER = com.escocar.MasterLoteria;
				PRODUCT_NAME = "$(TARGET_NAME)";
				SWIFT_VERSION = 5.0;
				TARGETED_DEVICE_FAMILY = "1,2";
			};
			name = Release;
		};
/* End XCBuildConfiguration section */

/* Begin XCConfigurationList section */
		064C6F9325A8BA7B002E2D75 /* Build configuration list for PBXProject "MasterLoteria" */ = {
			isa = XCConfigurationList;
			buildConfigurations = (
				064C6FA525A8BA7D002E2D75 /* Debug */,
				064C6FA625A8BA7D002E2D75 /* Release */,
			);
			defaultConfigurationIsVisible = 0;
			defaultConfigurationName = Release;
		};
		064C6FA725A8BA7D002E2D75 /* Build configuration list for PBXNativeTarget "MasterLoteria" */ = {
			isa = XCConfigurationList;
			buildConfigurations = (
				064C6FA825A8BA7D002E2D75 /* Debug */,
				064C6FA925A8BA7D002E2D75 /* Release */,
			);
			defaultConfigurationIsVisible = 0;
			defaultConfigurationName = Release;
		};
/* End XCConfigurationList section */
	};
	rootObject = 064C6F9025A8BA7B002E2D75 /* Project object */;
}
